{
  "nodes": {
    "nix-darwin": {
      "inputs": {
        "nixpkgs": [
          "nixpkgs"
        ]
      },
      "locked": {
        "lastModified": 1733351379,
        "narHash": "sha256-MTMsAhXxMMVHVN99jT8E0afOAOtt3JQWjYpTja94PAU=",
        "owner": "LnL7",
        "repo": "nix-darwin",
        "rev": "55d07816a0944f06a9df5ef174999a72fa4060c7",
        "type": "github"
      },
      "original": {
        "owner": "LnL7",
        "repo": "nix-darwin",
        "type": "github"
      }
    },
    "nixpkgs": {
      "locked": {
        "lastModified": 1733097829,
        "narHash": "sha256-9hbb1rqGelllb4kVUCZ307G2k3/UhmA8PPGBoyuWaSw=",
        "owner": "NixOS",
        "repo": "nixpkgs",
        "rev": "2c15aa59df0017ca140d9ba302412298ab4bf22a",
        "type": "github"
      },
      "original": {
        "owner": "NixOS",
        "ref": "nixpkgs-unstable",
        "repo": "nixpkgs",
        "type": "github"
      }
    },
    "root": {
      "inputs": {
        "nix-darwin": "nix-darwin",
        "nixpkgs": "nixpkgs"
      }
    }
  },
  "root": "root",
  "version": 7
}
